<?xml version="1.0" encoding="utf-8"?>
<Project ToolsVersion="4.0" xmlns="http://schemas.microsoft.com/developer/msbuild/2003">
  <ItemGroup>
    <None Include="pimpl.vcxproj" />
  </ItemGroup>
  <ItemGroup>
    <ClCompile Include="main.cpp" />
    <ClCompile Include="class_a.cpp" />
  </ItemGroup>
  <ItemGroup>
    <ClInclude Include="class_a.h" />
    <ClInclude Include="inner_class.h" />
  </ItemGroup>
</Project>